
Microsoft Visual Studio Solution File, Format Version 12.00
# Visual Studio Version 17
VisualStudioVersion = 17.9.34714.143
MinimumVisualStudioVersion = 10.0.40219.1
Project("{FAE04EC0-301F-11D3-BF4B-00C04F79EFBC}") = "Arthdemo", "Arthdemo\Arthdemo.csproj", "{B12BEB95-575B-4871-ADD6-72632637E288}"
EndProject
Global
	GlobalSection(SolutionConfigurationPlatforms) = preSolution
		Debug|Any CPU = Debug|Any CPU
		Release|Any CPU = Release|Any CPU
	EndGlobalSection
	GlobalSection(ProjectConfigurationPlatforms) = postSolution
		{B12BEB95-575B-4871-ADD6-72632637E288}.Debug|Any CPU.ActiveCfg = Debug|Any CPU
		{B12BEB95-575B-4871-ADD6-72632637E288}.Debug|Any CPU.Build.0 = Debug|Any CPU
		{B12BEB95-575B-4871-ADD6-72632637E288}.Release|Any CPU.ActiveCfg = Release|Any CPU
		{B12BEB95-575B-4871-ADD6-72632637E288}.Release|Any CPU.Build.0 = Release|Any CPU
	EndGlobalSection
	GlobalSection(SolutionProperties) = preSolution
		HideSolutionNode = FALSE
	EndGlobalSection
	GlobalSection(ExtensibilityGlobals) = postSolution
		SolutionGuid = {5F9DF0D5-47A6-49AC-B1A3-9860BF3B0EE7}
	EndGlobalSection
EndGlobal
